{
  "name": "reactcontext.com",
  "version": "0.0.0",
  "lockfileVersion": 1,
  "requires": true,
  "dependencies": {
    "ansi-regex": {
      "version": "2.1.1",
      "resolved": "https://registry.npmjs.org/ansi-regex/-/ansi-regex-2.1.1.tgz",
      "integrity": "sha1-w7M6te42DYbg5ijwRorn7yfWVN8="
    },
    "array-iterate": {
      "version": "1.1.1",
      "resolved": "https://registry.npmjs.org/array-iterate/-/array-iterate-1.1.1.tgz",
      "integrity": "sha1-hlv3+K851rCYLGCQKRSsdrwBCPY="
    },
    "bail": {
      "version": "1.0.2",
      "resolved": "https://registry.npmjs.org/bail/-/bail-1.0.2.tgz",
      "integrity": "sha1-99bBcxYwqfnw1NNe0fli4gdKF2Q="
    },
    "ccount": {
      "version": "1.0.2",
      "resolved": "https://registry.npmjs.org/ccount/-/ccount-1.0.2.tgz",
      "integrity": "sha1-U7ai+BW7d7nChx97mnLDol8djok="
    },
    "character-entities": {
      "version": "1.2.1",
      "resolved": "https://registry.npmjs.org/character-entities/-/character-entities-1.2.1.tgz",
      "integrity": "sha1-92hxvl72bdt/j440eOzDdMJ9bco="
    },
    "character-entities-html4": {
      "version": "1.1.1",
      "resolved": "https://registry.npmjs.org/character-entities-html4/-/character-entities-html4-1.1.1.tgz",
      "integrity": "sha1-NZoqSg9+KdPcKsmb2+Ie45Q46lA="
    },
    "character-entities-legacy": {
      "version": "1.1.1",
      "resolved": "https://registry.npmjs.org/character-entities-legacy/-/character-entities-legacy-1.1.1.tgz",
      "integrity": "sha1-9Ad53xoQGHK7UQo9KV4fzPFHIC8="
    },
    "character-reference-invalid": {
      "version": "1.1.1",
      "resolved": "https://registry.npmjs.org/character-reference-invalid/-/character-reference-invalid-1.1.1.tgz",
      "integrity": "sha1-lCg191Dk7GGjCOYMLvjMEBEgLvw="
    },
    "clipboard": {
      "version": "2.0.0",
      "resolved": "https://registry.npmjs.org/clipboard/-/clipboard-2.0.0.tgz",
      "integrity": "sha512-gXzHBlzEVqCk2b8Wpkil89S0WSMAX7eZho2zANX+EEEa9LMutGe9ICU+wHRzsH7cCHaCbUzj900P+AXOM0FE3A==",
      "optional": true,
      "requires": {
        "good-listener": "1.2.2",
        "select": "1.1.2",
        "tiny-emitter": "2.0.2"
      }
    },
    "co": {
      "version": "3.1.0",
      "resolved": "https://registry.npmjs.org/co/-/co-3.1.0.tgz",
      "integrity": "sha1-TqVOpaCJOBUxheFSEMaNkJK8G3g="
    },
    "code-point-at": {
      "version": "1.1.0",
      "resolved": "https://registry.npmjs.org/code-point-at/-/code-point-at-1.1.0.tgz",
      "integrity": "sha1-DQcLTQQ6W+ozovGkDi7bPZpMz3c="
    },
    "collapse-white-space": {
      "version": "1.0.3",
      "resolved": "https://registry.npmjs.org/collapse-white-space/-/collapse-white-space-1.0.3.tgz",
      "integrity": "sha1-S5BvZw5aljqHt2sOFolkM0G2Ajw="
    },
    "comma-separated-tokens": {
      "version": "1.0.4",
      "resolved": "https://registry.npmjs.org/comma-separated-tokens/-/comma-separated-tokens-1.0.4.tgz",
      "integrity": "sha1-cgg+WNSkYvAYZvZhf02Yo807ikY=",
      "requires": {
        "trim": "0.0.1"
      }
    },
    "delegate": {
      "version": "3.2.0",
      "resolved": "https://registry.npmjs.org/delegate/-/delegate-3.2.0.tgz",
      "integrity": "sha512-IofjkYBZaZivn0V8nnsMJGBr4jVLxHDheKSW88PyxS5QC4Vo9ZbZVvhzlSxY87fVq3STR6r+4cGepyHkcWOQSw==",
      "optional": true
    },
    "detab": {
      "version": "2.0.1",
      "resolved": "https://registry.npmjs.org/detab/-/detab-2.0.1.tgz",
      "integrity": "sha512-/hhdqdQc5thGrqzjyO/pz76lDZ5GSuAs6goxOaKTsvPk7HNnzAyFN5lyHgqpX4/s1i66K8qMGj+VhA9504x7DQ==",
      "requires": {
        "repeat-string": "1.6.1"
      }
    },
    "emoji-regex": {
      "version": "6.1.1",
      "resolved": "https://registry.npmjs.org/emoji-regex/-/emoji-regex-6.1.1.tgz",
      "integrity": "sha1-xs0OwbBkLio8Z6ETfvxeeW2k+I4="
    },
    "extend": {
      "version": "3.0.1",
      "resolved": "https://registry.npmjs.org/extend/-/extend-3.0.1.tgz",
      "integrity": "sha1-p1Xqe8Gt/MWjHOfnYtuq3F5jZEQ="
    },
    "github-slugger": {
      "version": "1.2.0",
      "resolved": "https://registry.npmjs.org/github-slugger/-/github-slugger-1.2.0.tgz",
      "integrity": "sha512-wIaa75k1vZhyPm9yWrD08A5Xnx/V+RmzGrpjQuLemGKSb77Qukiaei58Bogrl/LZSADDfPzKJX8jhLs4CRTl7Q==",
      "requires": {
        "emoji-regex": "6.1.1"
      }
    },
    "good-listener": {
      "version": "1.2.2",
      "resolved": "https://registry.npmjs.org/good-listener/-/good-listener-1.2.2.tgz",
      "integrity": "sha1-1TswzfkxPf+33JoNR3CWqm0UXFA=",
      "optional": true,
      "requires": {
        "delegate": "3.2.0"
      }
    },
    "has-flag": {
      "version": "2.0.0",
      "resolved": "https://registry.npmjs.org/has-flag/-/has-flag-2.0.0.tgz",
      "integrity": "sha1-6CB68cx7MNRGzHC3NLXovhj4jVE="
    },
    "hast-util-is-element": {
      "version": "1.0.0",
      "resolved": "https://registry.npmjs.org/hast-util-is-element/-/hast-util-is-element-1.0.0.tgz",
      "integrity": "sha1-P3IWl4sq4U2YdJh4eCZ18zvjzgA="
    },
    "hast-util-sanitize": {
      "version": "1.1.2",
      "resolved": "https://registry.npmjs.org/hast-util-sanitize/-/hast-util-sanitize-1.1.2.tgz",
      "integrity": "sha1-0QvWdXoh5ZwTq8iuNTDdO219Z54=",
      "requires": {
        "xtend": "4.0.1"
      }
    },
    "hast-util-to-html": {
      "version": "3.1.0",
      "resolved": "https://registry.npmjs.org/hast-util-to-html/-/hast-util-to-html-3.1.0.tgz",
      "integrity": "sha1-iCyZhJ5AEw6ZHAQuRW1FPZXDbP8=",
      "requires": {
        "ccount": "1.0.2",
        "comma-separated-tokens": "1.0.4",
        "hast-util-is-element": "1.0.0",
        "hast-util-whitespace": "1.0.0",
        "html-void-elements": "1.0.2",
        "kebab-case": "1.0.0",
        "property-information": "3.2.0",
        "space-separated-tokens": "1.1.1",
        "stringify-entities": "1.3.1",
        "unist-util-is": "2.1.1",
        "xtend": "4.0.1"
      }
    },
    "hast-util-whitespace": {
      "version": "1.0.0",
      "resolved": "https://registry.npmjs.org/hast-util-whitespace/-/hast-util-whitespace-1.0.0.tgz",
      "integrity": "sha1-vQlpGWJdKTbh/xe8Tff9cn8X7Ok="
    },
    "html-void-elements": {
      "version": "1.0.2",
      "resolved": "https://registry.npmjs.org/html-void-elements/-/html-void-elements-1.0.2.tgz",
      "integrity": "sha1-nSLgyjKsyVs/RbjVtPb73AWv/VU="
    },
    "inherits": {
      "version": "2.0.3",
      "resolved": "https://registry.npmjs.org/inherits/-/inherits-2.0.3.tgz",
      "integrity": "sha1-Yzwsg+PaQqUC9SRmAiSA9CCCYd4="
    },
    "irregular-plurals": {
      "version": "1.4.0",
      "resolved": "https://registry.npmjs.org/irregular-plurals/-/irregular-plurals-1.4.0.tgz",
      "integrity": "sha1-LKmwM2UREYVUEvFr5dd8YqRYp2Y="
    },
    "is-alphabetical": {
      "version": "1.0.1",
      "resolved": "https://registry.npmjs.org/is-alphabetical/-/is-alphabetical-1.0.1.tgz",
      "integrity": "sha1-x3B5zJHU76x3W+EDS/LSQ/lebwg="
    },
    "is-alphanumeric": {
      "version": "1.0.0",
      "resolved": "https://registry.npmjs.org/is-alphanumeric/-/is-alphanumeric-1.0.0.tgz",
      "integrity": "sha1-Spzvcdr0wAHB2B1j0UDPU/1oifQ="
    },
    "is-alphanumerical": {
      "version": "1.0.1",
      "resolved": "https://registry.npmjs.org/is-alphanumerical/-/is-alphanumerical-1.0.1.tgz",
      "integrity": "sha1-37SqTRCF4zvbYcLe6cgOnGwZ9Ts=",
      "requires": {
        "is-alphabetical": "1.0.1",
        "is-decimal": "1.0.1"
      }
    },
    "is-buffer": {
      "version": "1.1.6",
      "resolved": "https://registry.npmjs.org/is-buffer/-/is-buffer-1.1.6.tgz",
      "integrity": "sha512-NcdALwpXkTm5Zvvbk7owOUSvVvBKDgKP5/ewfXEznmQFfs4ZRmanOeKBTjRVjka3QFoN6XJ+9F3USqfHqTaU5w=="
    },
    "is-decimal": {
      "version": "1.0.1",
      "resolved": "https://registry.npmjs.org/is-decimal/-/is-decimal-1.0.1.tgz",
      "integrity": "sha1-9ftqlJlq2ejjdh+/vQkfH8qMToI="
    },
    "is-fullwidth-code-point": {
      "version": "1.0.0",
      "resolved": "https://registry.npmjs.org/is-fullwidth-code-point/-/is-fullwidth-code-point-1.0.0.tgz",
      "integrity": "sha1-754xOG8DGn8NZDr4L95QxFfvAMs=",
      "requires": {
        "number-is-nan": "1.0.1"
      }
    },
    "is-hexadecimal": {
      "version": "1.0.1",
      "resolved": "https://registry.npmjs.org/is-hexadecimal/-/is-hexadecimal-1.0.1.tgz",
      "integrity": "sha1-bghLvJIGH7sJcexYts5tQE4k2mk="
    },
    "is-plain-obj": {
      "version": "1.1.0",
      "resolved": "https://registry.npmjs.org/is-plain-obj/-/is-plain-obj-1.1.0.tgz",
      "integrity": "sha1-caUMhCnfync8kqOQpKA7OfzVHT4="
    },
    "is-whitespace-character": {
      "version": "1.0.1",
      "resolved": "https://registry.npmjs.org/is-whitespace-character/-/is-whitespace-character-1.0.1.tgz",
      "integrity": "sha1-muAXbzKCtlRXoZks2whPil+DPjs="
    },
    "is-word-character": {
      "version": "1.0.1",
      "resolved": "https://registry.npmjs.org/is-word-character/-/is-word-character-1.0.1.tgz",
      "integrity": "sha1-WgP6HqkazopusMfNdw64bWXIvvs="
    },
    "kebab-case": {
      "version": "1.0.0",
      "resolved": "https://registry.npmjs.org/kebab-case/-/kebab-case-1.0.0.tgz",
      "integrity": "sha1-P55JkK3K0MaGwOcB92RYaPdfkes="
    },
    "longest-streak": {
      "version": "2.0.2",
      "resolved": "https://registry.npmjs.org/longest-streak/-/longest-streak-2.0.2.tgz",
      "integrity": "sha512-TmYTeEYxiAmSVdpbnQDXGtvYOIRsCMg89CVZzwzc2o7GFL1CjoiRPjH5ec0NFAVlAx3fVof9dX/t6KKRAo2OWA=="
    },
    "markdown-escapes": {
      "version": "1.0.1",
      "resolved": "https://registry.npmjs.org/markdown-escapes/-/markdown-escapes-1.0.1.tgz",
      "integrity": "sha1-GZTfLTr0gR3lmmcUk0wrIpJzRRg="
    },
    "markdown-table": {
      "version": "1.1.1",
      "resolved": "https://registry.npmjs.org/markdown-table/-/markdown-table-1.1.1.tgz",
      "integrity": "sha1-Sz3ToTPRUYuO8NvHCb8qG0gkvIw="
    },
    "mdast-comment-marker": {
      "version": "1.0.2",
      "resolved": "https://registry.npmjs.org/mdast-comment-marker/-/mdast-comment-marker-1.0.2.tgz",
      "integrity": "sha1-Hd8O+BH7UkOQF8jSwLkiA18rp0o="
    },
    "mdast-util-compact": {
      "version": "1.0.1",
      "resolved": "https://registry.npmjs.org/mdast-util-compact/-/mdast-util-compact-1.0.1.tgz",
      "integrity": "sha1-zbX4TitqLTEU3zO9BdnLMuPECDo=",
      "requires": {
        "unist-util-modify-children": "1.1.1",
        "unist-util-visit": "1.3.0"
      }
    },
    "mdast-util-definitions": {
      "version": "1.2.2",
      "resolved": "https://registry.npmjs.org/mdast-util-definitions/-/mdast-util-definitions-1.2.2.tgz",
      "integrity": "sha512-9NloPSwaB9f1PKcGqaScfqRf6zKOEjTIXVIbPOmgWI/JKxznlgVXC5C+8qgl3AjYg2vJBRgLYfLICaNiac89iA==",
      "requires": {
        "unist-util-visit": "1.3.0"
      }
    },
    "mdast-util-heading-style": {
      "version": "1.0.3",
      "resolved": "https://registry.npmjs.org/mdast-util-heading-style/-/mdast-util-heading-style-1.0.3.tgz",
      "integrity": "sha1-77OQ28iqAWw89XegNJANsn7nJHw="
    },
    "mdast-util-to-hast": {
      "version": "3.0.0",
      "resolved": "https://registry.npmjs.org/mdast-util-to-hast/-/mdast-util-to-hast-3.0.0.tgz",
      "integrity": "sha512-zvEXH2AUevWfKuBqtEPNcDUPI8UC6yIVvgEgNi1v1dLnzb5Pfm+PZjnZn0FhW1WmHcrGMX059MAoqicEauzjcw==",
      "requires": {
        "collapse-white-space": "1.0.3",
        "detab": "2.0.1",
        "mdast-util-definitions": "1.2.2",
        "mdurl": "1.0.1",
        "trim": "0.0.1",
        "trim-lines": "1.1.0",
        "unist-builder": "1.0.2",
        "unist-util-generated": "1.1.1",
        "unist-util-position": "3.0.0",
        "unist-util-visit": "1.3.0",
        "xtend": "4.0.1"
      }
    },
    "mdast-util-to-string": {
      "version": "1.0.4",
      "resolved": "https://registry.npmjs.org/mdast-util-to-string/-/mdast-util-to-string-1.0.4.tgz",
      "integrity": "sha1-XEVch4yTVfDB5/PotxnPWDaRrPs="
    },
    "mdast-util-toc": {
      "version": "2.0.1",
      "resolved": "https://registry.npmjs.org/mdast-util-toc/-/mdast-util-toc-2.0.1.tgz",
      "integrity": "sha1-sdLLI7+wH4Evp7Vb/+iwqL7fbyE=",
      "requires": {
        "github-slugger": "1.2.0",
        "mdast-util-to-string": "1.0.4",
        "unist-util-visit": "1.3.0"
      }
    },
    "mdurl": {
      "version": "1.0.1",
      "resolved": "https://registry.npmjs.org/mdurl/-/mdurl-1.0.1.tgz",
      "integrity": "sha1-/oWy7HWlkDfyrf7BAP1sYBdhFS4="
    },
    "number-is-nan": {
      "version": "1.0.1",
      "resolved": "https://registry.npmjs.org/number-is-nan/-/number-is-nan-1.0.1.tgz",
      "integrity": "sha1-CXtgK1NCKlIsGvuHkDGDNpQaAR0="
    },
    "object-assign": {
      "version": "4.1.1",
      "resolved": "https://registry.npmjs.org/object-assign/-/object-assign-4.1.1.tgz",
      "integrity": "sha1-IQmtx5ZYh8/AXLvUQsrIv7s2CGM="
    },
    "parse-entities": {
      "version": "1.1.1",
      "resolved": "https://registry.npmjs.org/parse-entities/-/parse-entities-1.1.1.tgz",
      "integrity": "sha1-gRLYhHExnyerrk1klksSL+ThuJA=",
      "requires": {
        "character-entities": "1.2.1",
        "character-entities-legacy": "1.1.1",
        "character-reference-invalid": "1.1.1",
        "is-alphanumerical": "1.0.1",
        "is-decimal": "1.0.1",
        "is-hexadecimal": "1.0.1"
      }
    },
    "plur": {
      "version": "2.1.2",
      "resolved": "https://registry.npmjs.org/plur/-/plur-2.1.2.tgz",
      "integrity": "sha1-dIJFLBoPUI4+NE6uwxLJHCncZVo=",
      "requires": {
        "irregular-plurals": "1.4.0"
      }
    },
    "prismjs": {
      "version": "1.13.0",
      "resolved": "https://registry.npmjs.org/prismjs/-/prismjs-1.13.0.tgz",
      "integrity": "sha512-0/1Fiyg3MCzepo6t6Wzx2Ef4nftGKeQIv+Z6LO38RcYJN5QV2ePHh8W41ZkFn57B++6BnglF6fCiJ9b80YlzkQ==",
      "requires": {
        "clipboard": "2.0.0"
      }
    },
    "property-information": {
      "version": "3.2.0",
      "resolved": "https://registry.npmjs.org/property-information/-/property-information-3.2.0.tgz",
      "integrity": "sha1-/RSDyPusYYCPX+NZ52k6H0ilgzE="
    },
    "remark": {
      "version": "9.0.0",
      "resolved": "https://registry.npmjs.org/remark/-/remark-9.0.0.tgz",
      "integrity": "sha512-amw8rGdD5lHbMEakiEsllmkdBP+/KpjW/PRK6NSGPZKCQowh0BT4IWXDAkRMyG3SB9dKPXWMviFjNusXzXNn3A==",
      "requires": {
        "remark-parse": "5.0.0",
        "remark-stringify": "5.0.0",
        "unified": "6.1.6"
      }
    },
    "remark-autolink-headings": {
      "version": "5.0.0",
      "resolved": "https://registry.npmjs.org/remark-autolink-headings/-/remark-autolink-headings-5.0.0.tgz",
      "integrity": "sha1-nAD+2NCrM/upzOg9/2am/djvsx8=",
      "requires": {
        "unist-util-visit": "1.3.0"
      }
    },
    "remark-html": {
      "version": "7.0.0",
      "resolved": "https://registry.npmjs.org/remark-html/-/remark-html-7.0.0.tgz",
      "integrity": "sha512-jqRzkZXCkM12gIY2ibMLTW41m7rfanliMTVQCFTezHJFsbH00YaTox/BX4gU+f/zCdzfhFJONtebFByvpMv37w==",
      "requires": {
        "hast-util-sanitize": "1.1.2",
        "hast-util-to-html": "3.1.0",
        "mdast-util-to-hast": "3.0.0",
        "xtend": "4.0.1"
      }
    },
    "remark-lint": {
      "version": "6.0.1",
      "resolved": "https://registry.npmjs.org/remark-lint/-/remark-lint-6.0.1.tgz",
      "integrity": "sha512-wvTTuB5O5pF8SxqahQjjrU3dtuhygYjaGcOZTw+4ACgSE4RBINDlNqN46HjcV3X0ib5GmObJUt5a2mmhtmuTqw==",
      "requires": {
        "remark-message-control": "4.1.0"
      }
    },
    "remark-lint-final-newline": {
      "version": "1.0.1",
      "resolved": "https://registry.npmjs.org/remark-lint-final-newline/-/remark-lint-final-newline-1.0.1.tgz",
      "integrity": "sha512-neztZuEBw2ka9N35Ap0ZfBqPPA/TNSksGQNq0G9VWL370+s+6k+GUEaq7cjcQACYt310oWl4bx5ukbmo/7L5WA==",
      "requires": {
        "unified-lint-rule": "1.0.2"
      }
    },
    "remark-lint-hard-break-spaces": {
      "version": "1.0.2",
      "resolved": "https://registry.npmjs.org/remark-lint-hard-break-spaces/-/remark-lint-hard-break-spaces-1.0.2.tgz",
      "integrity": "sha512-uh7LqHgRPCphiCvRzBVA4D0Ml2IqPaw89lWJdQ6HvYiV8ChB/OFLBapHi6OKW7NVVVPPJsElPMB/UPUsKFaPTg==",
      "requires": {
        "unified-lint-rule": "1.0.2",
        "unist-util-generated": "1.1.1",
        "unist-util-position": "3.0.0",
        "unist-util-visit": "1.3.0"
      }
    },
    "remark-lint-list-item-bullet-indent": {
      "version": "1.0.1",
      "resolved": "https://registry.npmjs.org/remark-lint-list-item-bullet-indent/-/remark-lint-list-item-bullet-indent-1.0.1.tgz",
      "integrity": "sha512-Qvh+43zMlm8kSurWzswHdNS+7bkz2v0t8yUcrD9yQ0USkd1W/MgV4PpPtNvMdL8YzVZuyNyNs6cOf96aPg75hQ==",
      "requires": {
        "plur": "2.1.2",
        "unified-lint-rule": "1.0.2",
        "unist-util-generated": "1.1.1",
        "unist-util-position": "3.0.0",
        "unist-util-visit": "1.3.0"
      }
    },
    "remark-lint-list-item-indent": {
      "version": "1.0.1",
      "resolved": "https://registry.npmjs.org/remark-lint-list-item-indent/-/remark-lint-list-item-indent-1.0.1.tgz",
      "integrity": "sha512-dSUFGQYtduuaos+5oXH89RTk0rGUe6DFf04q+rxQ7Z3YRbuXhAU2nYeY0/HENYiWJU1xFLteZkDvKMj0NfS3DQ==",
      "requires": {
        "plur": "2.1.2",
        "unified-lint-rule": "1.0.2",
        "unist-util-generated": "1.1.1",
        "unist-util-position": "3.0.0",
        "unist-util-visit": "1.3.0"
      }
    },
    "remark-lint-no-auto-link-without-protocol": {
      "version": "1.0.1",
      "resolved": "https://registry.npmjs.org/remark-lint-no-auto-link-without-protocol/-/remark-lint-no-auto-link-without-protocol-1.0.1.tgz",
      "integrity": "sha512-MHl0hNtF8Rc0lg6iuVP7/0rnp4uZadm3S07/1TiFeqzU22KFxxzcC8980Q4+I8oPZE0d1x80h9DmkNAVFwhDjQ==",
      "requires": {
        "mdast-util-to-string": "1.0.4",
        "unified-lint-rule": "1.0.2",
        "unist-util-generated": "1.1.1",
        "unist-util-position": "3.0.0",
        "unist-util-visit": "1.3.0"
      }
    },
    "remark-lint-no-blockquote-without-marker": {
      "version": "2.0.1",
      "resolved": "https://registry.npmjs.org/remark-lint-no-blockquote-without-marker/-/remark-lint-no-blockquote-without-marker-2.0.1.tgz",
      "integrity": "sha512-8VTQ/MP3flvG4U0tFSD+DMVT7F/4u9SnQLb/jjeRC3DzgbsIagIUqpWYAKkc+yBz9S/lgftA92lLP5PrlOa5DA==",
      "requires": {
        "unified-lint-rule": "1.0.2",
        "unist-util-generated": "1.1.1",
        "unist-util-position": "3.0.0",
        "unist-util-visit": "1.3.0",
        "vfile-location": "2.0.2"
      }
    },
    "remark-lint-no-duplicate-definitions": {
      "version": "1.0.1",
      "resolved": "https://registry.npmjs.org/remark-lint-no-duplicate-definitions/-/remark-lint-no-duplicate-definitions-1.0.1.tgz",
      "integrity": "sha512-3I0V3UVJ0gkDKZahSZ0xdFmklecr5SMwXcWbVBzXvHR59LqgjMVHFI7G/QZ6k2imOl1X22YVRz+mpMjacu2Ipw==",
      "requires": {
        "unified-lint-rule": "1.0.2",
        "unist-util-generated": "1.1.1",
        "unist-util-position": "3.0.0",
        "unist-util-visit": "1.3.0"
      }
    },
    "remark-lint-no-heading-content-indent": {
      "version": "1.0.1",
      "resolved": "https://registry.npmjs.org/remark-lint-no-heading-content-indent/-/remark-lint-no-heading-content-indent-1.0.1.tgz",
      "integrity": "sha512-VHOqVx3Qb9tckHu/DkpQjBqlXQHcfabKaSuiXdeH+G0sfgWOxL0KCmA6fsUqUdj7xJ8Q7YpH/c3wb3nZ/85d+Q==",
      "requires": {
        "mdast-util-heading-style": "1.0.3",
        "plur": "2.1.2",
        "unified-lint-rule": "1.0.2",
        "unist-util-generated": "1.1.1",
        "unist-util-position": "3.0.0",
        "unist-util-visit": "1.3.0"
      }
    },
    "remark-lint-no-inline-padding": {
      "version": "1.0.1",
      "resolved": "https://registry.npmjs.org/remark-lint-no-inline-padding/-/remark-lint-no-inline-padding-1.0.1.tgz",
      "integrity": "sha512-nRl6vA45ZPdMz3/rVMZw7WRRqLFuMrzhdkrbrGLjwBovdIeD/IGCEbDA5NR60g2xT9V5dAmKogvHEH1bIr8SdQ==",
      "requires": {
        "mdast-util-to-string": "1.0.4",
        "unified-lint-rule": "1.0.2",
        "unist-util-generated": "1.1.1",
        "unist-util-visit": "1.3.0"
      }
    },
    "remark-lint-no-literal-urls": {
      "version": "1.0.1",
      "resolved": "https://registry.npmjs.org/remark-lint-no-literal-urls/-/remark-lint-no-literal-urls-1.0.1.tgz",
      "integrity": "sha512-YMsZFVYQDt9gvpc6THL76GzyhCR+cK79vjyEOEmX+O3tOjxQstbi0oW6Lngbl1WbpkCW5TWEzSKOorQowYI2wg==",
      "requires": {
        "mdast-util-to-string": "1.0.4",
        "unified-lint-rule": "1.0.2",
        "unist-util-generated": "1.1.1",
        "unist-util-position": "3.0.0",
        "unist-util-visit": "1.3.0"
      }
    },
    "remark-lint-no-shortcut-reference-image": {
      "version": "1.0.1",
      "resolved": "https://registry.npmjs.org/remark-lint-no-shortcut-reference-image/-/remark-lint-no-shortcut-reference-image-1.0.1.tgz",
      "integrity": "sha512-nUQ+4xB5hKZTCl9gvg7c+W1T3ddsnjgu4zwRza2Bn+21cKmUzx+z9dvlZ4aVuNGmxuWHbKI8/ZkKuB8Eu27vJw==",
      "requires": {
        "unified-lint-rule": "1.0.2",
        "unist-util-generated": "1.1.1",
        "unist-util-visit": "1.3.0"
      }
    },
    "remark-lint-no-shortcut-reference-link": {
      "version": "1.0.2",
      "resolved": "https://registry.npmjs.org/remark-lint-no-shortcut-reference-link/-/remark-lint-no-shortcut-reference-link-1.0.2.tgz",
      "integrity": "sha512-A6ZexZ6XyQ7fXebrj5WgW5FkSJ81GobjWyMFVmBxgxPd9GH2BkRsZ10aFSkQQvfKSrqbnOL2vrigGMgbiERRxA==",
      "requires": {
        "unified-lint-rule": "1.0.2",
        "unist-util-generated": "1.1.1",
        "unist-util-visit": "1.3.0"
      }
    },
    "remark-lint-no-undefined-references": {
      "version": "1.0.1",
      "resolved": "https://registry.npmjs.org/remark-lint-no-undefined-references/-/remark-lint-no-undefined-references-1.0.1.tgz",
      "integrity": "sha512-wKYax0htxL3/QhspNxWY9xcJb+fTiPYKzra8ye6NtTj2mH06mW0UMmQ5G36OeRBfQd/VHUQKkpKVZfkL3hOtMA==",
      "requires": {
        "unified-lint-rule": "1.0.2",
        "unist-util-generated": "1.1.1",
        "unist-util-visit": "1.3.0"
      }
    },
    "remark-lint-no-unused-definitions": {
      "version": "1.0.1",
      "resolved": "https://registry.npmjs.org/remark-lint-no-unused-definitions/-/remark-lint-no-unused-definitions-1.0.1.tgz",
      "integrity": "sha512-weNwWXvoSBmB3L2Yh8oxY0ylF6L5b/PjFbOhzBU4SlnpFOMfTn3rwNxOxbTrDS8MG2JTPVTaFn4ajXr/zkbH0Q==",
      "requires": {
        "unified-lint-rule": "1.0.2",
        "unist-util-generated": "1.1.1",
        "unist-util-visit": "1.3.0"
      }
    },
    "remark-lint-ordered-list-marker-style": {
      "version": "1.0.1",
      "resolved": "https://registry.npmjs.org/remark-lint-ordered-list-marker-style/-/remark-lint-ordered-list-marker-style-1.0.1.tgz",
      "integrity": "sha512-LJICUZIxqHHi360EP90zbDP+2QQIVVgPGlz0AatuR9ifd7xqAzraQKxsQajAZpuOepZgjBMTOz9L9W0Znx7ujA==",
      "requires": {
        "unified-lint-rule": "1.0.2",
        "unist-util-generated": "1.1.1",
        "unist-util-position": "3.0.0",
        "unist-util-visit": "1.3.0"
      }
    },
    "remark-message-control": {
      "version": "4.1.0",
      "resolved": "https://registry.npmjs.org/remark-message-control/-/remark-message-control-4.1.0.tgz",
      "integrity": "sha512-e1dszks4YKY7hLAkhS2367jBjBpAfvi+kVgSN/tOFrdp3qxITjiNR5fOFnyYF8vvorkQ9uxlKJoZUOW8T7rKDg==",
      "requires": {
        "mdast-comment-marker": "1.0.2",
        "unified-message-control": "1.0.3",
        "xtend": "4.0.1"
      }
    },
    "remark-parse": {
      "version": "5.0.0",
      "resolved": "https://registry.npmjs.org/remark-parse/-/remark-parse-5.0.0.tgz",
      "integrity": "sha512-b3iXszZLH1TLoyUzrATcTQUZrwNl1rE70rVdSruJFlDaJ9z5aMkhrG43Pp68OgfHndL/ADz6V69Zow8cTQu+JA==",
      "requires": {
        "collapse-white-space": "1.0.3",
        "is-alphabetical": "1.0.1",
        "is-decimal": "1.0.1",
        "is-whitespace-character": "1.0.1",
        "is-word-character": "1.0.1",
        "markdown-escapes": "1.0.1",
        "parse-entities": "1.1.1",
        "repeat-string": "1.6.1",
        "state-toggle": "1.0.0",
        "trim": "0.0.1",
        "trim-trailing-lines": "1.1.0",
        "unherit": "1.1.0",
        "unist-util-remove-position": "1.1.1",
        "vfile-location": "2.0.2",
        "xtend": "4.0.1"
      }
    },
    "remark-preset-lint-recommended": {
      "version": "3.0.1",
      "resolved": "https://registry.npmjs.org/remark-preset-lint-recommended/-/remark-preset-lint-recommended-3.0.1.tgz",
      "integrity": "sha512-C/rR0Nz4LC5dhUTO8Zknrml4VuhcNbk4wta3NHd5dKrouH0OMmwJIyV1xWHK8KvRZIYJ1qdrUIM7+isYPGUl7w==",
      "requires": {
        "remark-lint": "6.0.1",
        "remark-lint-final-newline": "1.0.1",
        "remark-lint-hard-break-spaces": "1.0.2",
        "remark-lint-list-item-bullet-indent": "1.0.1",
        "remark-lint-list-item-indent": "1.0.1",
        "remark-lint-no-auto-link-without-protocol": "1.0.1",
        "remark-lint-no-blockquote-without-marker": "2.0.1",
        "remark-lint-no-duplicate-definitions": "1.0.1",
        "remark-lint-no-heading-content-indent": "1.0.1",
        "remark-lint-no-inline-padding": "1.0.1",
        "remark-lint-no-literal-urls": "1.0.1",
        "remark-lint-no-shortcut-reference-image": "1.0.1",
        "remark-lint-no-shortcut-reference-link": "1.0.2",
        "remark-lint-no-undefined-references": "1.0.1",
        "remark-lint-no-unused-definitions": "1.0.1",
        "remark-lint-ordered-list-marker-style": "1.0.1"
      }
    },
    "remark-slug": {
      "version": "5.0.0",
      "resolved": "https://registry.npmjs.org/remark-slug/-/remark-slug-5.0.0.tgz",
      "integrity": "sha512-bRFK90ia6iooqC5KH6e9nEIL3OwRbTPU6ed2fm/fa66uofKdmRcsmRVMwND3pXLbvH2F022cETYlE7YlVs7LNQ==",
      "requires": {
        "github-slugger": "1.2.0",
        "mdast-util-to-string": "1.0.4",
        "unist-util-visit": "1.3.0"
      }
    },
    "remark-stringify": {
      "version": "5.0.0",
      "resolved": "https://registry.npmjs.org/remark-stringify/-/remark-stringify-5.0.0.tgz",
      "integrity": "sha512-Ws5MdA69ftqQ/yhRF9XhVV29mhxbfGhbz0Rx5bQH+oJcNhhSM6nCu1EpLod+DjrFGrU0BMPs+czVmJZU7xiS7w==",
      "requires": {
        "ccount": "1.0.2",
        "is-alphanumeric": "1.0.0",
        "is-decimal": "1.0.1",
        "is-whitespace-character": "1.0.1",
        "longest-streak": "2.0.2",
        "markdown-escapes": "1.0.1",
        "markdown-table": "1.1.1",
        "mdast-util-compact": "1.0.1",
        "parse-entities": "1.1.1",
        "repeat-string": "1.6.1",
        "state-toggle": "1.0.0",
        "stringify-entities": "1.3.1",
        "unherit": "1.1.0",
        "xtend": "4.0.1"
      }
    },
    "remark-toc": {
      "version": "5.0.0",
      "resolved": "https://registry.npmjs.org/remark-toc/-/remark-toc-5.0.0.tgz",
      "integrity": "sha512-j2A/fpio1nzNRJtY6nVaFUCtXNfFPxaj6I5UHFsFgo4xKmc0VokRRIzGqz4Vfs7u+dPrHjnoHkImu1Dia0jDSQ==",
      "requires": {
        "mdast-util-toc": "2.0.1",
        "remark-slug": "5.0.0"
      }
    },
    "repeat-string": {
      "version": "1.6.1",
      "resolved": "https://registry.npmjs.org/repeat-string/-/repeat-string-1.6.1.tgz",
      "integrity": "sha1-jcrkcOHIirwtYA//Sndihtp15jc="
    },
    "replace-ext": {
      "version": "1.0.0",
      "resolved": "https://registry.npmjs.org/replace-ext/-/replace-ext-1.0.0.tgz",
      "integrity": "sha1-3mMSg3P8v3w8z6TeWkgMRaZ5WOs="
    },
    "select": {
      "version": "1.1.2",
      "resolved": "https://registry.npmjs.org/select/-/select-1.1.2.tgz",
      "integrity": "sha1-DnNQrN7ICxEIUoeG7B1EGNEbOW0=",
      "optional": true
    },
    "sliced": {
      "version": "1.0.1",
      "resolved": "https://registry.npmjs.org/sliced/-/sliced-1.0.1.tgz",
      "integrity": "sha1-CzpmK10Ewxd7GSa+qCsD+Dei70E="
    },
    "space-separated-tokens": {
      "version": "1.1.1",
      "resolved": "https://registry.npmjs.org/space-separated-tokens/-/space-separated-tokens-1.1.1.tgz",
      "integrity": "sha1-lpW5355lrsGBHUw/nOUlILwvfk0=",
      "requires": {
        "trim": "0.0.1"
      }
    },
    "state-toggle": {
      "version": "1.0.0",
      "resolved": "https://registry.npmjs.org/state-toggle/-/state-toggle-1.0.0.tgz",
      "integrity": "sha1-0g+aYWu08MO5i5GSLSW2QKorxCU="
    },
    "string-width": {
      "version": "1.0.2",
      "resolved": "https://registry.npmjs.org/string-width/-/string-width-1.0.2.tgz",
      "integrity": "sha1-EYvfW4zcUaKn5w0hHgfisLmxB9M=",
      "requires": {
        "code-point-at": "1.1.0",
        "is-fullwidth-code-point": "1.0.0",
        "strip-ansi": "3.0.1"
      }
    },
    "stringify-entities": {
      "version": "1.3.1",
      "resolved": "https://registry.npmjs.org/stringify-entities/-/stringify-entities-1.3.1.tgz",
      "integrity": "sha1-sVDsLXKsTBtfMktR+2soyc3/BYw=",
      "requires": {
        "character-entities-html4": "1.1.1",
        "character-entities-legacy": "1.1.1",
        "is-alphanumerical": "1.0.1",
        "is-hexadecimal": "1.0.1"
      }
    },
    "strip-ansi": {
      "version": "3.0.1",
      "resolved": "https://registry.npmjs.org/strip-ansi/-/strip-ansi-3.0.1.tgz",
      "integrity": "sha1-ajhfuIU9lS1f8F0Oiq+UJ43GPc8=",
      "requires": {
        "ansi-regex": "2.1.1"
      }
    },
    "supports-color": {
      "version": "4.5.0",
      "resolved": "https://registry.npmjs.org/supports-color/-/supports-color-4.5.0.tgz",
      "integrity": "sha1-vnoN5ITexcXN34s9WRJQRJEvY1s=",
      "requires": {
        "has-flag": "2.0.0"
      }
    },
    "tiny-emitter": {
      "version": "2.0.2",
      "resolved": "https://registry.npmjs.org/tiny-emitter/-/tiny-emitter-2.0.2.tgz",
      "integrity": "sha512-2NM0auVBGft5tee/OxP4PI3d8WItkDM+fPnaRAVo6xTDI2knbz9eC5ArWGqtGlYqiH3RU5yMpdyTTO7MguC4ow==",
      "optional": true
    },
    "to-vfile": {
      "version": "2.2.0",
      "resolved": "https://registry.npmjs.org/to-vfile/-/to-vfile-2.2.0.tgz",
      "integrity": "sha512-saGC8/lWdGrEoBMLUtgzhRHWAkQMP8gdldA3MOAUhBwTGEb1RSMVcflHGSx4ZJsdEZ9o1qDBCPp47LCPrbZWow==",
      "requires": {
        "is-buffer": "1.1.6",
        "vfile": "2.3.0",
        "x-is-function": "1.0.4"
      }
    },
    "trim": {
      "version": "0.0.1",
      "resolved": "https://registry.npmjs.org/trim/-/trim-0.0.1.tgz",
      "integrity": "sha1-WFhUf2spB1fulczMZm+1AITEYN0="
    },
    "trim-lines": {
      "version": "1.1.0",
      "resolved": "https://registry.npmjs.org/trim-lines/-/trim-lines-1.1.0.tgz",
      "integrity": "sha1-mSbQPt4Tuhj31CIiYx+wTHn/Jv4="
    },
    "trim-trailing-lines": {
      "version": "1.1.0",
      "resolved": "https://registry.npmjs.org/trim-trailing-lines/-/trim-trailing-lines-1.1.0.tgz",
      "integrity": "sha1-eu+7eAjfnWafbaLkOMrIxGradoQ="
    },
    "trough": {
      "version": "1.0.1",
      "resolved": "https://registry.npmjs.org/trough/-/trough-1.0.1.tgz",
      "integrity": "sha1-qf2LA5Swro//guBjOgo2zK1bX4Y="
    },
    "unherit": {
      "version": "1.1.0",
      "resolved": "https://registry.npmjs.org/unherit/-/unherit-1.1.0.tgz",
      "integrity": "sha1-a5qu379z3xdWrZ4xbdmBiFhAzX0=",
      "requires": {
        "inherits": "2.0.3",
        "xtend": "4.0.1"
      }
    },
    "unified": {
      "version": "6.1.6",
      "resolved": "https://registry.npmjs.org/unified/-/unified-6.1.6.tgz",
      "integrity": "sha512-pW2f82bCIo2ifuIGYcV12fL96kMMYgw7JKVEgh7ODlrM9rj6vXSY3BV+H6lCcv1ksxynFf582hwWLnA1qRFy4w==",
      "requires": {
        "bail": "1.0.2",
        "extend": "3.0.1",
        "is-plain-obj": "1.1.0",
        "trough": "1.0.1",
        "vfile": "2.3.0",
        "x-is-function": "1.0.4",
        "x-is-string": "0.1.0"
      }
    },
    "unified-lint-rule": {
      "version": "1.0.2",
      "resolved": "https://registry.npmjs.org/unified-lint-rule/-/unified-lint-rule-1.0.2.tgz",
      "integrity": "sha512-WkqwMC1aijHE17W3Z1co7aTI+Dzo1jHdwhI66fTClU1yOTbzAsTqlOD6eeR/MI9235Y3nu2jMDcm8GCeq4gaLg==",
      "requires": {
        "wrapped": "1.0.1"
      }
    },
    "unified-message-control": {
      "version": "1.0.3",
      "resolved": "https://registry.npmjs.org/unified-message-control/-/unified-message-control-1.0.3.tgz",
      "integrity": "sha512-zXx8LVgecdkzIMHj5c+aV3GQqJ8uxIhKi2yCccW5mhNQ5Ettb8GMA5VKvurk9Xg382/+EmUlTWW/NhBBgwmG+A==",
      "requires": {
        "trim": "0.0.1",
        "unist-util-visit": "1.3.0",
        "vfile-location": "2.0.2"
      }
    },
    "unist-builder": {
      "version": "1.0.2",
      "resolved": "https://registry.npmjs.org/unist-builder/-/unist-builder-1.0.2.tgz",
      "integrity": "sha1-jDuZA+9kvPsRfdfPal2Y/Bs7J7Y=",
      "requires": {
        "object-assign": "4.1.1"
      }
    },
    "unist-util-generated": {
      "version": "1.1.1",
      "resolved": "https://registry.npmjs.org/unist-util-generated/-/unist-util-generated-1.1.1.tgz",
      "integrity": "sha1-mfFseJWayFTe58YVwpGSTIv03n8="
    },
    "unist-util-is": {
      "version": "2.1.1",
      "resolved": "https://registry.npmjs.org/unist-util-is/-/unist-util-is-2.1.1.tgz",
      "integrity": "sha1-DDEmKeP5YMZukx6BLT2A53AQlHs="
    },
    "unist-util-modify-children": {
      "version": "1.1.1",
      "resolved": "https://registry.npmjs.org/unist-util-modify-children/-/unist-util-modify-children-1.1.1.tgz",
      "integrity": "sha1-ZtfmpEnm9nIguXarPLi166w55R0=",
      "requires": {
        "array-iterate": "1.1.1"
      }
    },
    "unist-util-position": {
      "version": "3.0.0",
      "resolved": "https://registry.npmjs.org/unist-util-position/-/unist-util-position-3.0.0.tgz",
      "integrity": "sha1-5uHgPu64HF4a/lU+jUrfvXwNj4I="
    },
    "unist-util-remove-position": {
      "version": "1.1.1",
      "resolved": "https://registry.npmjs.org/unist-util-remove-position/-/unist-util-remove-position-1.1.1.tgz",
      "integrity": "sha1-WoXBVV/BugwQG4ZwfRXlD6TIcbs=",
      "requires": {
        "unist-util-visit": "1.3.0"
      }
    },
    "unist-util-stringify-position": {
      "version": "1.1.1",
      "resolved": "https://registry.npmjs.org/unist-util-stringify-position/-/unist-util-stringify-position-1.1.1.tgz",
      "integrity": "sha1-PMvcU2ee7W7PN3fdf14yKcG2qjw="
    },
    "unist-util-visit": {
      "version": "1.3.0",
      "resolved": "https://registry.npmjs.org/unist-util-visit/-/unist-util-visit-1.3.0.tgz",
      "integrity": "sha512-9ntYcxPFtl44gnwXrQKZ5bMqXMY0ZHzUpqMFiU4zcc8mmf/jzYm8GhYgezuUlX4cJIM1zIDYaO6fG/fI+L6iiQ==",
      "requires": {
        "unist-util-is": "2.1.1"
      }
    },
    "vfile": {
      "version": "2.3.0",
      "resolved": "https://registry.npmjs.org/vfile/-/vfile-2.3.0.tgz",
      "integrity": "sha512-ASt4mBUHcTpMKD/l5Q+WJXNtshlWxOogYyGYYrg4lt/vuRjC1EFQtlAofL5VmtVNIZJzWYFJjzGWZ0Gw8pzW1w==",
      "requires": {
        "is-buffer": "1.1.6",
        "replace-ext": "1.0.0",
        "unist-util-stringify-position": "1.1.1",
        "vfile-message": "1.0.0"
      }
    },
    "vfile-location": {
      "version": "2.0.2",
      "resolved": "https://registry.npmjs.org/vfile-location/-/vfile-location-2.0.2.tgz",
      "integrity": "sha1-02dcWch3SY5JK0dW/2Xkrxp1IlU="
    },
    "vfile-message": {
      "version": "1.0.0",
      "resolved": "https://registry.npmjs.org/vfile-message/-/vfile-message-1.0.0.tgz",
      "integrity": "sha512-HPREhzTOB/sNDc9/Mxf8w0FmHnThg5CRSJdR9VRFkD2riqYWs+fuXlj5z8mIpv2LrD7uU41+oPWFOL4Mjlf+dw==",
      "requires": {
        "unist-util-stringify-position": "1.1.1"
      }
    },
    "vfile-reporter": {
      "version": "4.0.0",
      "resolved": "https://registry.npmjs.org/vfile-reporter/-/vfile-reporter-4.0.0.tgz",
      "integrity": "sha1-6m8K4TQvSEFXOYXgX5QXNvJ96do=",
      "requires": {
        "repeat-string": "1.6.1",
        "string-width": "1.0.2",
        "supports-color": "4.5.0",
        "unist-util-stringify-position": "1.1.1",
        "vfile-statistics": "1.1.0"
      }
    },
    "vfile-statistics": {
      "version": "1.1.0",
      "resolved": "https://registry.npmjs.org/vfile-statistics/-/vfile-statistics-1.1.0.tgz",
      "integrity": "sha1-AhBMYP3u0dEbH3OtZTMLdjSz2JU="
    },
    "wrapped": {
      "version": "1.0.1",
      "resolved": "https://registry.npmjs.org/wrapped/-/wrapped-1.0.1.tgz",
      "integrity": "sha1-x4PZ2Aeyc+mwHoUWgKk4yHyQckI=",
      "requires": {
        "co": "3.1.0",
        "sliced": "1.0.1"
      }
    },
    "x-is-function": {
      "version": "1.0.4",
      "resolved": "https://registry.npmjs.org/x-is-function/-/x-is-function-1.0.4.tgz",
      "integrity": "sha1-XSlNw9Joy90GJYDgxd93o5HR+h4="
    },
    "x-is-string": {
      "version": "0.1.0",
      "resolved": "https://registry.npmjs.org/x-is-string/-/x-is-string-0.1.0.tgz",
      "integrity": "sha1-R0tQhlrzpJqcRlfwWs0UVFj3fYI="
    },
    "xtend": {
      "version": "4.0.1",
      "resolved": "https://registry.npmjs.org/xtend/-/xtend-4.0.1.tgz",
      "integrity": "sha1-pcbVMr5lbiPbgg77lDofBJmNY68="
    }
  }
}
